
Microsoft Visual Studio Solution File, Format Version 12.00
# Visual Studio 15
VisualStudioVersion = 15.0.27130.2027
MinimumVisualStudioVersion = 10.0.40219.1
Project("{2150E333-8FDC-42A3-9474-1A3956D46DE8}") = "BLL", "BLL", "{705FFE8B-E9F3-4813-B8E5-4434DB7BF20D}"
EndProject
Project("{2150E333-8FDC-42A3-9474-1A3956D46DE8}") = "DAL", "DAL", "{FD0D29D4-0E35-4A61-B6A3-9AD29FE551BE}"
EndProject
Project("{2150E333-8FDC-42A3-9474-1A3956D46DE8}") = "COMMON", "COMMON", "{69CB3C42-CB68-49B7-B356-E85B0AF4D12C}"
EndProject
Project("{FAE04EC0-301F-11D3-BF4B-00C04F79EFBC}") = "BussinessLogic", "BussinessLogic\BussinessLogic.csproj", "{E4C142A8-5D1D-434A-BBBD-ADC18ABEC5AB}"
	ProjectSection(ProjectDependencies) = postProject
		{1C72B656-923A-42E2-8EF6-7BD009DCEA66} = {1C72B656-923A-42E2-8EF6-7BD009DCEA66}
		{B71E8F76-8E89-4057-9C6A-E28456A3057A} = {B71E8F76-8E89-4057-9C6A-E28456A3057A}
		{95D150C8-E4E0-42A1-927D-DA8BE046C7E7} = {95D150C8-E4E0-42A1-927D-DA8BE046C7E7}
	EndProjectSection
EndProject
Project("{FAE04EC0-301F-11D3-BF4B-00C04F79EFBC}") = "BussinessLogic.Interface", "BussinessLogic.Interface\BussinessLogic.Interface.csproj", "{1C72B656-923A-42E2-8EF6-7BD009DCEA66}"
	ProjectSection(ProjectDependencies) = postProject
		{B71E8F76-8E89-4057-9C6A-E28456A3057A} = {B71E8F76-8E89-4057-9C6A-E28456A3057A}
	EndProjectSection
EndProject
Project("{FAE04EC0-301F-11D3-BF4B-00C04F79EFBC}") = "Entities", "Entities\Entities.csproj", "{B71E8F76-8E89-4057-9C6A-E28456A3057A}"
EndProject
Project("{FAE04EC0-301F-11D3-BF4B-00C04F79EFBC}") = "DAL", "DAL\DAL.csproj", "{95D150C8-E4E0-42A1-927D-DA8BE046C7E7}"
	ProjectSection(ProjectDependencies) = postProject
		{B71E8F76-8E89-4057-9C6A-E28456A3057A} = {B71E8F76-8E89-4057-9C6A-E28456A3057A}
		{FF90D1CF-BF98-4B72-804F-8219C4A35B8A} = {FF90D1CF-BF98-4B72-804F-8219C4A35B8A}
	EndProjectSection
EndProject
Project("{FAE04EC0-301F-11D3-BF4B-00C04F79EFBC}") = "DAL.Interface", "DAL.Interface\DAL.Interface.csproj", "{FF90D1CF-BF98-4B72-804F-8219C4A35B8A}"
	ProjectSection(ProjectDependencies) = postProject
		{B71E8F76-8E89-4057-9C6A-E28456A3057A} = {B71E8F76-8E89-4057-9C6A-E28456A3057A}
	EndProjectSection
EndProject
Project("{2150E333-8FDC-42A3-9474-1A3956D46DE8}") = "PL", "PL", "{3BE0EE42-034F-4088-B965-958AF1B06596}"
EndProject
Project("{FAE04EC0-301F-11D3-BF4B-00C04F79EFBC}") = "PresentationLayer", "PresentationLayer\PresentationLayer.csproj", "{0DCEF7DD-21C0-48A5-9677-684F275B155C}"
EndProject
Project("{FAE04EC0-301F-11D3-BF4B-00C04F79EFBC}") = "Common", "Common\Common.csproj", "{273BA97F-051A-4CAC-9439-600EBD07F66D}"
EndProject
Project("{FAE04EC0-301F-11D3-BF4B-00C04F79EFBC}") = "ConsoleApp1", "ConsoleApp1\ConsoleApp1.csproj", "{3A330E64-CCE6-4277-A02B-9DBE7D7F94E2}"
EndProject
Global
	GlobalSection(SolutionConfigurationPlatforms) = preSolution
		Debug|Any CPU = Debug|Any CPU
		Release|Any CPU = Release|Any CPU
	EndGlobalSection
	GlobalSection(ProjectConfigurationPlatforms) = postSolution
		{E4C142A8-5D1D-434A-BBBD-ADC18ABEC5AB}.Debug|Any CPU.ActiveCfg = Debug|Any CPU
		{E4C142A8-5D1D-434A-BBBD-ADC18ABEC5AB}.Debug|Any CPU.Build.0 = Debug|Any CPU
		{E4C142A8-5D1D-434A-BBBD-ADC18ABEC5AB}.Release|Any CPU.ActiveCfg = Release|Any CPU
		{E4C142A8-5D1D-434A-BBBD-ADC18ABEC5AB}.Release|Any CPU.Build.0 = Release|Any CPU
		{1C72B656-923A-42E2-8EF6-7BD009DCEA66}.Debug|Any CPU.ActiveCfg = Debug|Any CPU
		{1C72B656-923A-42E2-8EF6-7BD009DCEA66}.Debug|Any CPU.Build.0 = Debug|Any CPU
		{1C72B656-923A-42E2-8EF6-7BD009DCEA66}.Release|Any CPU.ActiveCfg = Release|Any CPU
		{1C72B656-923A-42E2-8EF6-7BD009DCEA66}.Release|Any CPU.Build.0 = Release|Any CPU
		{B71E8F76-8E89-4057-9C6A-E28456A3057A}.Debug|Any CPU.ActiveCfg = Debug|Any CPU
		{B71E8F76-8E89-4057-9C6A-E28456A3057A}.Debug|Any CPU.Build.0 = Debug|Any CPU
		{B71E8F76-8E89-4057-9C6A-E28456A3057A}.Release|Any CPU.ActiveCfg = Release|Any CPU
		{B71E8F76-8E89-4057-9C6A-E28456A3057A}.Release|Any CPU.Build.0 = Release|Any CPU
		{95D150C8-E4E0-42A1-927D-DA8BE046C7E7}.Debug|Any CPU.ActiveCfg = Debug|Any CPU
		{95D150C8-E4E0-42A1-927D-DA8BE046C7E7}.Debug|Any CPU.Build.0 = Debug|Any CPU
		{95D150C8-E4E0-42A1-927D-DA8BE046C7E7}.Release|Any CPU.ActiveCfg = Release|Any CPU
		{95D150C8-E4E0-42A1-927D-DA8BE046C7E7}.Release|Any CPU.Build.0 = Release|Any CPU
		{FF90D1CF-BF98-4B72-804F-8219C4A35B8A}.Debug|Any CPU.ActiveCfg = Debug|Any CPU
		{FF90D1CF-BF98-4B72-804F-8219C4A35B8A}.Debug|Any CPU.Build.0 = Debug|Any CPU
		{FF90D1CF-BF98-4B72-804F-8219C4A35B8A}.Release|Any CPU.ActiveCfg = Release|Any CPU
		{FF90D1CF-BF98-4B72-804F-8219C4A35B8A}.Release|Any CPU.Build.0 = Release|Any CPU
		{0DCEF7DD-21C0-48A5-9677-684F275B155C}.Debug|Any CPU.ActiveCfg = Debug|Any CPU
		{0DCEF7DD-21C0-48A5-9677-684F275B155C}.Debug|Any CPU.Build.0 = Debug|Any CPU
		{0DCEF7DD-21C0-48A5-9677-684F275B155C}.Release|Any CPU.ActiveCfg = Release|Any CPU
		{0DCEF7DD-21C0-48A5-9677-684F275B155C}.Release|Any CPU.Build.0 = Release|Any CPU
		{273BA97F-051A-4CAC-9439-600EBD07F66D}.Debug|Any CPU.ActiveCfg = Debug|Any CPU
		{273BA97F-051A-4CAC-9439-600EBD07F66D}.Debug|Any CPU.Build.0 = Debug|Any CPU
		{273BA97F-051A-4CAC-9439-600EBD07F66D}.Release|Any CPU.ActiveCfg = Release|Any CPU
		{273BA97F-051A-4CAC-9439-600EBD07F66D}.Release|Any CPU.Build.0 = Release|Any CPU
		{3A330E64-CCE6-4277-A02B-9DBE7D7F94E2}.Debug|Any CPU.ActiveCfg = Debug|Any CPU
		{3A330E64-CCE6-4277-A02B-9DBE7D7F94E2}.Debug|Any CPU.Build.0 = Debug|Any CPU
		{3A330E64-CCE6-4277-A02B-9DBE7D7F94E2}.Release|Any CPU.ActiveCfg = Release|Any CPU
		{3A330E64-CCE6-4277-A02B-9DBE7D7F94E2}.Release|Any CPU.Build.0 = Release|Any CPU
	EndGlobalSection
	GlobalSection(SolutionProperties) = preSolution
		HideSolutionNode = FALSE
	EndGlobalSection
	GlobalSection(NestedProjects) = preSolution
		{E4C142A8-5D1D-434A-BBBD-ADC18ABEC5AB} = {705FFE8B-E9F3-4813-B8E5-4434DB7BF20D}
		{1C72B656-923A-42E2-8EF6-7BD009DCEA66} = {705FFE8B-E9F3-4813-B8E5-4434DB7BF20D}
		{B71E8F76-8E89-4057-9C6A-E28456A3057A} = {69CB3C42-CB68-49B7-B356-E85B0AF4D12C}
		{95D150C8-E4E0-42A1-927D-DA8BE046C7E7} = {FD0D29D4-0E35-4A61-B6A3-9AD29FE551BE}
		{FF90D1CF-BF98-4B72-804F-8219C4A35B8A} = {FD0D29D4-0E35-4A61-B6A3-9AD29FE551BE}
		{0DCEF7DD-21C0-48A5-9677-684F275B155C} = {3BE0EE42-034F-4088-B965-958AF1B06596}
		{273BA97F-051A-4CAC-9439-600EBD07F66D} = {69CB3C42-CB68-49B7-B356-E85B0AF4D12C}
		{3A330E64-CCE6-4277-A02B-9DBE7D7F94E2} = {3BE0EE42-034F-4088-B965-958AF1B06596}
	EndGlobalSection
	GlobalSection(ExtensibilityGlobals) = postSolution
		SolutionGuid = {1CF16F4A-3828-452D-9BB0-ABE773420BB1}
	EndGlobalSection
EndGlobal
